
Microsoft Visual Studio Solution File, Format Version 12.00
# Visual Studio Version 16
VisualStudioVersion = 16.0.31515.178
MinimumVisualStudioVersion = 10.0.40219.1
Project("{9A19103F-16F7-4668-BE54-9A1E7A4F7556}") = "PrimeiroProjeto", "PrimeiroProjeto\PrimeiroProjeto.csproj", "{E0BE8308-F7F3-46C8-B4B3-ABFD46EF7AD1}"
EndProject
Project("{FAE04EC0-301F-11D3-BF4B-00C04F79EFBC}") = "Exercicio_Fixacao", "Exercicio_Fixacao\Exercicio_Fixacao.csproj", "{A7C7B9B2-7DD6-4C21-ADDA-BC8AAB0A5B2C}"
EndProject
Global
	GlobalSection(SolutionConfigurationPlatforms) = preSolution
		Debug|Any CPU = Debug|Any CPU
		Release|Any CPU = Release|Any CPU
	EndGlobalSection
	GlobalSection(ProjectConfigurationPlatforms) = postSolution
		{E0BE8308-F7F3-46C8-B4B3-ABFD46EF7AD1}.Debug|Any CPU.ActiveCfg = Debug|Any CPU
		{E0BE8308-F7F3-46C8-B4B3-ABFD46EF7AD1}.Debug|Any CPU.Build.0 = Debug|Any CPU
		{E0BE8308-F7F3-46C8-B4B3-ABFD46EF7AD1}.Release|Any CPU.ActiveCfg = Release|Any CPU
		{E0BE8308-F7F3-46C8-B4B3-ABFD46EF7AD1}.Release|Any CPU.Build.0 = Release|Any CPU
		{A7C7B9B2-7DD6-4C21-ADDA-BC8AAB0A5B2C}.Debug|Any CPU.ActiveCfg = Debug|Any CPU
		{A7C7B9B2-7DD6-4C21-ADDA-BC8AAB0A5B2C}.Debug|Any CPU.Build.0 = Debug|Any CPU
		{A7C7B9B2-7DD6-4C21-ADDA-BC8AAB0A5B2C}.Release|Any CPU.ActiveCfg = Release|Any CPU
		{A7C7B9B2-7DD6-4C21-ADDA-BC8AAB0A5B2C}.Release|Any CPU.Build.0 = Release|Any CPU
	EndGlobalSection
	GlobalSection(SolutionProperties) = preSolution
		HideSolutionNode = FALSE
	EndGlobalSection
	GlobalSection(ExtensibilityGlobals) = postSolution
		SolutionGuid = {91BB4876-10C7-4995-838D-1627F73AB935}
	EndGlobalSection
EndGlobal
